
Microsoft Visual Studio Solution File, Format Version 12.00
# Visual Studio 15
VisualStudioVersion = 15.0.28307.421
MinimumVisualStudioVersion = 10.0.40219.1
Project("{FAE04EC0-301F-11D3-BF4B-00C04F79EFBC}") = "SQLConnectionDemo", "SQLConnectionDemo\SQLConnectionDemo.csproj", "{9E35460E-D91D-498D-A1ED-78C19330C73A}"
EndProject
Global
	GlobalSection(SolutionConfigurationPlatforms) = preSolution
		Debug|Any CPU = Debug|Any CPU
		Release|Any CPU = Release|Any CPU
	EndGlobalSection
	GlobalSection(ProjectConfigurationPlatforms) = postSolution
		{9E35460E-D91D-498D-A1ED-78C19330C73A}.Debug|Any CPU.ActiveCfg = Debug|Any CPU
		{9E35460E-D91D-498D-A1ED-78C19330C73A}.Debug|Any CPU.Build.0 = Debug|Any CPU
		{9E35460E-D91D-498D-A1ED-78C19330C73A}.Release|Any CPU.ActiveCfg = Release|Any CPU
		{9E35460E-D91D-498D-A1ED-78C19330C73A}.Release|Any CPU.Build.0 = Release|Any CPU
	EndGlobalSection
	GlobalSection(SolutionProperties) = preSolution
		HideSolutionNode = FALSE
	EndGlobalSection
	GlobalSection(ExtensibilityGlobals) = postSolution
		SolutionGuid = {0B378DD0-FE82-40C8-82FD-533B9C48C62D}
	EndGlobalSection
EndGlobal
