
Microsoft Visual Studio Solution File, Format Version 12.00
# Visual Studio 15
VisualStudioVersion = 15.0.28307.329
MinimumVisualStudioVersion = 10.0.40219.1
Project("{FAE04EC0-301F-11D3-BF4B-00C04F79EFBC}") = "LINQ", "LINQ\LINQ.csproj", "{7C361F3F-1DB0-4E43-9BAC-A80CFAC0D5F5}"
EndProject
Project("{FAE04EC0-301F-11D3-BF4B-00C04F79EFBC}") = "LINQDemo1", "LINQDemo1\LINQDemo1.csproj", "{FD5D3785-76F0-4AA1-802A-2A51C1085C8C}"
EndProject
Project("{FAE04EC0-301F-11D3-BF4B-00C04F79EFBC}") = "LINQ_OrderBy", "LINQDemo2\LINQ_OrderBy.csproj", "{6F7D5B7E-00D9-4D24-B5DF-7634D995770E}"
EndProject
Global
	GlobalSection(SolutionConfigurationPlatforms) = preSolution
		Debug|Any CPU = Debug|Any CPU
		Release|Any CPU = Release|Any CPU
	EndGlobalSection
	GlobalSection(ProjectConfigurationPlatforms) = postSolution
		{7C361F3F-1DB0-4E43-9BAC-A80CFAC0D5F5}.Debug|Any CPU.ActiveCfg = Debug|Any CPU
		{7C361F3F-1DB0-4E43-9BAC-A80CFAC0D5F5}.Debug|Any CPU.Build.0 = Debug|Any CPU
		{7C361F3F-1DB0-4E43-9BAC-A80CFAC0D5F5}.Release|Any CPU.ActiveCfg = Release|Any CPU
		{7C361F3F-1DB0-4E43-9BAC-A80CFAC0D5F5}.Release|Any CPU.Build.0 = Release|Any CPU
		{FD5D3785-76F0-4AA1-802A-2A51C1085C8C}.Debug|Any CPU.ActiveCfg = Debug|Any CPU
		{FD5D3785-76F0-4AA1-802A-2A51C1085C8C}.Debug|Any CPU.Build.0 = Debug|Any CPU
		{FD5D3785-76F0-4AA1-802A-2A51C1085C8C}.Release|Any CPU.ActiveCfg = Release|Any CPU
		{FD5D3785-76F0-4AA1-802A-2A51C1085C8C}.Release|Any CPU.Build.0 = Release|Any CPU
		{6F7D5B7E-00D9-4D24-B5DF-7634D995770E}.Debug|Any CPU.ActiveCfg = Debug|Any CPU
		{6F7D5B7E-00D9-4D24-B5DF-7634D995770E}.Debug|Any CPU.Build.0 = Debug|Any CPU
		{6F7D5B7E-00D9-4D24-B5DF-7634D995770E}.Release|Any CPU.ActiveCfg = Release|Any CPU
		{6F7D5B7E-00D9-4D24-B5DF-7634D995770E}.Release|Any CPU.Build.0 = Release|Any CPU
	EndGlobalSection
	GlobalSection(SolutionProperties) = preSolution
		HideSolutionNode = FALSE
	EndGlobalSection
	GlobalSection(ExtensibilityGlobals) = postSolution
		SolutionGuid = {80FB2AE2-6476-4A41-9BD8-387559DF4F72}
	EndGlobalSection
EndGlobal
