
Microsoft Visual Studio Solution File, Format Version 12.00
# Visual Studio 15
VisualStudioVersion = 15.0.28307.421
MinimumVisualStudioVersion = 10.0.40219.1
Project("{FAE04EC0-301F-11D3-BF4B-00C04F79EFBC}") = "EntityFramworkConsoleAppDemo", "EntityFramworkConsoleAppDemo\EntityFramworkConsoleAppDemo.csproj", "{583F277A-502D-4536-A7FD-2D75E23F0540}"
EndProject
Global
	GlobalSection(SolutionConfigurationPlatforms) = preSolution
		Debug|Any CPU = Debug|Any CPU
		Release|Any CPU = Release|Any CPU
	EndGlobalSection
	GlobalSection(ProjectConfigurationPlatforms) = postSolution
		{583F277A-502D-4536-A7FD-2D75E23F0540}.Debug|Any CPU.ActiveCfg = Debug|Any CPU
		{583F277A-502D-4536-A7FD-2D75E23F0540}.Debug|Any CPU.Build.0 = Debug|Any CPU
		{583F277A-502D-4536-A7FD-2D75E23F0540}.Release|Any CPU.ActiveCfg = Release|Any CPU
		{583F277A-502D-4536-A7FD-2D75E23F0540}.Release|Any CPU.Build.0 = Release|Any CPU
	EndGlobalSection
	GlobalSection(SolutionProperties) = preSolution
		HideSolutionNode = FALSE
	EndGlobalSection
	GlobalSection(ExtensibilityGlobals) = postSolution
		SolutionGuid = {D736F0DF-726A-4310-81EE-BB927B74F54A}
	EndGlobalSection
EndGlobal
