
Microsoft Visual Studio Solution File, Format Version 12.00
# Visual Studio 15
VisualStudioVersion = 15.0.28307.421
MinimumVisualStudioVersion = 10.0.40219.1
Project("{FAE04EC0-301F-11D3-BF4B-00C04F79EFBC}") = "ManageExam", "ManageExam\ManageExam.csproj", "{DB76A01B-7259-40CA-B29D-94CE0B6F5AFE}"
EndProject
Global
	GlobalSection(SolutionConfigurationPlatforms) = preSolution
		Debug|Any CPU = Debug|Any CPU
		Release|Any CPU = Release|Any CPU
	EndGlobalSection
	GlobalSection(ProjectConfigurationPlatforms) = postSolution
		{DB76A01B-7259-40CA-B29D-94CE0B6F5AFE}.Debug|Any CPU.ActiveCfg = Debug|Any CPU
		{DB76A01B-7259-40CA-B29D-94CE0B6F5AFE}.Debug|Any CPU.Build.0 = Debug|Any CPU
		{DB76A01B-7259-40CA-B29D-94CE0B6F5AFE}.Release|Any CPU.ActiveCfg = Release|Any CPU
		{DB76A01B-7259-40CA-B29D-94CE0B6F5AFE}.Release|Any CPU.Build.0 = Release|Any CPU
	EndGlobalSection
	GlobalSection(SolutionProperties) = preSolution
		HideSolutionNode = FALSE
	EndGlobalSection
	GlobalSection(ExtensibilityGlobals) = postSolution
		SolutionGuid = {FA977E8A-178F-44B3-AEA5-B0CFE63109AF}
	EndGlobalSection
EndGlobal
